
Microsoft Visual Studio Solution File, Format Version 12.00
# Visual Studio Version 16
VisualStudioVersion = 16.0.30128.74
MinimumVisualStudioVersion = 10.0.40219.1
Project("{FAE04EC0-301F-11D3-BF4B-00C04F79EFBC}") = "AMSDataValidation", "AMSDataValidation.csproj", "{22549F88-9162-4367-A1C8-4F7C382B0377}"
EndProject
Global
	GlobalSection(SolutionConfigurationPlatforms) = preSolution
		Debug|Any CPU = Debug|Any CPU
		Release|Any CPU = Release|Any CPU
	EndGlobalSection
	GlobalSection(ProjectConfigurationPlatforms) = postSolution
		{22549F88-9162-4367-A1C8-4F7C382B0377}.Debug|Any CPU.ActiveCfg = Debug|Any CPU
		{22549F88-9162-4367-A1C8-4F7C382B0377}.Debug|Any CPU.Build.0 = Debug|Any CPU
		{22549F88-9162-4367-A1C8-4F7C382B0377}.Release|Any CPU.ActiveCfg = Release|Any CPU
		{22549F88-9162-4367-A1C8-4F7C382B0377}.Release|Any CPU.Build.0 = Release|Any CPU
	EndGlobalSection
	GlobalSection(SolutionProperties) = preSolution
		HideSolutionNode = FALSE
	EndGlobalSection
	GlobalSection(ExtensibilityGlobals) = postSolution
		SolutionGuid = {0CCDB3BB-A893-49E4-967A-4E78D359CC32}
	EndGlobalSection
EndGlobal
